
Microsoft Visual Studio Solution File, Format Version 12.00
# Visual Studio Version 17
VisualStudioVersion = 17.5.002.0
MinimumVisualStudioVersion = 10.0.40219.1
Project("{9A19103F-16F7-4668-BE54-9A1E7A4F7556}") = "aula-26-06", "aula-26-06.csproj", "{45302FC0-78F2-48EE-ABF5-733ED4D4699A}"
EndProject
Global
	GlobalSection(SolutionConfigurationPlatforms) = preSolution
		Debug|Any CPU = Debug|Any CPU
		Release|Any CPU = Release|Any CPU
	EndGlobalSection
	GlobalSection(ProjectConfigurationPlatforms) = postSolution
		{45302FC0-78F2-48EE-ABF5-733ED4D4699A}.Debug|Any CPU.ActiveCfg = Debug|Any CPU
		{45302FC0-78F2-48EE-ABF5-733ED4D4699A}.Debug|Any CPU.Build.0 = Debug|Any CPU
		{45302FC0-78F2-48EE-ABF5-733ED4D4699A}.Release|Any CPU.ActiveCfg = Release|Any CPU
		{45302FC0-78F2-48EE-ABF5-733ED4D4699A}.Release|Any CPU.Build.0 = Release|Any CPU
	EndGlobalSection
	GlobalSection(SolutionProperties) = preSolution
		HideSolutionNode = FALSE
	EndGlobalSection
	GlobalSection(ExtensibilityGlobals) = postSolution
		SolutionGuid = {466A80C6-2ACC-41A4-9A25-5FB75712C59B}
	EndGlobalSection
EndGlobal
